// !$*UTF8*$!
{
	archiveVersion = 1;
	classes = {
	};
	objectVersion = 55;
	objects = {

/* Begin PBXBuildFile section */
		4054C2D928CA009E0004CF40 /* LandmarksApp.swift in Sources */ = {isa = PBXBuildFile; fileRef = 4054C2D828CA009E0004CF40 /* LandmarksApp.swift */; };
		4054C2DB28CA009E0004CF40 /* ContentView.swift in Sources */ = {isa = PBXBuildFile; fileRef = 4054C2DA28CA009E0004CF40 /* ContentView.swift */; };
		4054C2DD28CA00A10004CF40 /* Assets.xcassets in Resources */ = {isa = PBXBuildFile; fileRef = 4054C2DC28CA00A10004CF40 /* Assets.xcassets */; };
		4054C2E028CA00A10004CF40 /* Preview Assets.xcassets in Resources */ = {isa = PBXBuildFile; fileRef = 4054C2DF28CA00A10004CF40 /* Preview Assets.xcassets */; };
		4054C2E728CA04200004CF40 /* CircleImage.swift in Sources */ = {isa = PBXBuildFile; fileRef = 4054C2E628CA04200004CF40 /* CircleImage.swift */; };
		4054C2E928CA05460004CF40 /* MapView.swift in Sources */ = {isa = PBXBuildFile; fileRef = 4054C2E828CA05460004CF40 /* MapView.swift */; };
		4054C2EB28CA09910004CF40 /* landmarkData.json in Resources */ = {isa = PBXBuildFile; fileRef = 4054C2EA28CA09910004CF40 /* landmarkData.json */; };
		4054C2EF28CA0B8C0004CF40 /* Landmark.swift in Sources */ = {isa = PBXBuildFile; fileRef = 4054C2EE28CA0B8C0004CF40 /* Landmark.swift */; };
		4054C2F128CA0C6E0004CF40 /* ModelData.swift in Sources */ = {isa = PBXBuildFile; fileRef = 4054C2F028CA0C6E0004CF40 /* ModelData.swift */; };
		4054C2F628CA0E150004CF40 /* LandmarkRow.swift in Sources */ = {isa = PBXBuildFile; fileRef = 4054C2F528CA0E150004CF40 /* LandmarkRow.swift */; };
		4054C2F828CA0F760004CF40 /* LandmarkList.swift in Sources */ = {isa = PBXBuildFile; fileRef = 4054C2F728CA0F760004CF40 /* LandmarkList.swift */; };
		4054C2FA28CA10D30004CF40 /* LandmarkDetail.swift in Sources */ = {isa = PBXBuildFile; fileRef = 4054C2F928CA10D30004CF40 /* LandmarkDetail.swift */; };
		4054C2FC28CA27590004CF40 /* FavoriteButton.swift in Sources */ = {isa = PBXBuildFile; fileRef = 4054C2FB28CA27580004CF40 /* FavoriteButton.swift */; };
		4054C30028CA2E0C0004CF40 /* HexagonParameters.swift in Sources */ = {isa = PBXBuildFile; fileRef = 4054C2FF28CA2E0C0004CF40 /* HexagonParameters.swift */; };
		4054C30228CA31760004CF40 /* BadgeBackground.swift in Sources */ = {isa = PBXBuildFile; fileRef = 4054C30128CA31760004CF40 /* BadgeBackground.swift */; };
		4054C30428CA37C50004CF40 /* BadgeSymbol.swift in Sources */ = {isa = PBXBuildFile; fileRef = 4054C30328CA37C50004CF40 /* BadgeSymbol.swift */; };
		4054C30628CA3A990004CF40 /* RotatedBadgeSymbol.swift in Sources */ = {isa = PBXBuildFile; fileRef = 4054C30528CA3A990004CF40 /* RotatedBadgeSymbol.swift */; };
		4054C30828CA3B570004CF40 /* Badge.swift in Sources */ = {isa = PBXBuildFile; fileRef = 4054C30728CA3B570004CF40 /* Badge.swift */; };
		40A8CDEC28CB44D500629DD6 /* hikeData.json in Resources */ = {isa = PBXBuildFile; fileRef = 40A8CDEB28CB44D500629DD6 /* hikeData.json */; };
		40A8CDEE28CB457400629DD6 /* Hike.swift in Sources */ = {isa = PBXBuildFile; fileRef = 40A8CDED28CB457400629DD6 /* Hike.swift */; };
		40A8CDF428CB46DA00629DD6 /* GraphCapsule.swift in Sources */ = {isa = PBXBuildFile; fileRef = 40A8CDF028CB46DA00629DD6 /* GraphCapsule.swift */; };
		40A8CDF528CB46DA00629DD6 /* HikeGraph.swift in Sources */ = {isa = PBXBuildFile; fileRef = 40A8CDF128CB46DA00629DD6 /* HikeGraph.swift */; };
		40A8CDF628CB46DA00629DD6 /* HikeDetail.swift in Sources */ = {isa = PBXBuildFile; fileRef = 40A8CDF228CB46DA00629DD6 /* HikeDetail.swift */; };
		40A8CDF728CB46DA00629DD6 /* HikeView.swift in Sources */ = {isa = PBXBuildFile; fileRef = 40A8CDF328CB46DA00629DD6 /* HikeView.swift */; };
		40A8CDFA28CB576900629DD6 /* CategoryHome.swift in Sources */ = {isa = PBXBuildFile; fileRef = 40A8CDF928CB576900629DD6 /* CategoryHome.swift */; };
		40A8CDFC28CB60FB00629DD6 /* CategoryRow.swift in Sources */ = {isa = PBXBuildFile; fileRef = 40A8CDFB28CB60FB00629DD6 /* CategoryRow.swift */; };
		40A8CDFE28CB634900629DD6 /* CategoryItem.swift in Sources */ = {isa = PBXBuildFile; fileRef = 40A8CDFD28CB634900629DD6 /* CategoryItem.swift */; };
		40A8CE0028CB6F8200629DD6 /* Profile.swift in Sources */ = {isa = PBXBuildFile; fileRef = 40A8CDFF28CB6F8200629DD6 /* Profile.swift */; };
		40A8CE0328CB706F00629DD6 /* ProfileHost.swift in Sources */ = {isa = PBXBuildFile; fileRef = 40A8CE0228CB706F00629DD6 /* ProfileHost.swift */; };
		40A8CE0528CB70CC00629DD6 /* ProfileSummary.swift in Sources */ = {isa = PBXBuildFile; fileRef = 40A8CE0428CB70CC00629DD6 /* ProfileSummary.swift */; };
		40A8CE0728CB729B00629DD6 /* HikeBadge.swift in Sources */ = {isa = PBXBuildFile; fileRef = 40A8CE0628CB729B00629DD6 /* HikeBadge.swift */; };
		40A8CE0928CB7BE100629DD6 /* ProfileEditor.swift in Sources */ = {isa = PBXBuildFile; fileRef = 40A8CE0828CB7BE100629DD6 /* ProfileEditor.swift */; };
		40A8CE0C28CB9FFD00629DD6 /* PageViewController.swift in Sources */ = {isa = PBXBuildFile; fileRef = 40A8CE0B28CB9FFD00629DD6 /* PageViewController.swift */; };
		40A8CE0E28CBA21D00629DD6 /* FeatureCard.swift in Sources */ = {isa = PBXBuildFile; fileRef = 40A8CE0D28CBA21D00629DD6 /* FeatureCard.swift */; };
		40A8CE1028CBA39100629DD6 /* PageView.swift in Sources */ = {isa = PBXBuildFile; fileRef = 40A8CE0F28CBA39100629DD6 /* PageView.swift */; };
		40A8CE1228CBAA9500629DD6 /* PageControl.swift in Sources */ = {isa = PBXBuildFile; fileRef = 40A8CE1128CBAA9500629DD6 /* PageControl.swift */; };
/* End PBXBuildFile section */

/* Begin PBXFileReference section */
		4054C2D528CA009E0004CF40 /* Landmarks.app */ = {isa = PBXFileReference; explicitFileType = wrapper.application; includeInIndex = 0; path = Landmarks.app; sourceTree = BUILT_PRODUCTS_DIR; };
		4054C2D828CA009E0004CF40 /* LandmarksApp.swift */ = {isa = PBXFileReference; lastKnownFileType = sourcecode.swift; path = LandmarksApp.swift; sourceTree = "<group>"; };
		4054C2DA28CA009E0004CF40 /* ContentView.swift */ = {isa = PBXFileReference; lastKnownFileType = sourcecode.swift; path = ContentView.swift; sourceTree = "<group>"; };
		4054C2DC28CA00A10004CF40 /* Assets.xcassets */ = {isa = PBXFileReference; lastKnownFileType = folder.assetcatalog; path = Assets.xcassets; sourceTree = "<group>"; };
		4054C2DF28CA00A10004CF40 /* Preview Assets.xcassets */ = {isa = PBXFileReference; lastKnownFileType = folder.assetcatalog; path = "Preview Assets.xcassets"; sourceTree = "<group>"; };
		4054C2E628CA04200004CF40 /* CircleImage.swift */ = {isa = PBXFileReference; lastKnownFileType = sourcecode.swift; path = CircleImage.swift; sourceTree = "<group>"; };
		4054C2E828CA05460004CF40 /* MapView.swift */ = {isa = PBXFileReference; lastKnownFileType = sourcecode.swift; path = MapView.swift; sourceTree = "<group>"; };
		4054C2EA28CA09910004CF40 /* landmarkData.json */ = {isa = PBXFileReference; fileEncoding = 4; lastKnownFileType = text.json; path = landmarkData.json; sourceTree = "<group>"; };
		4054C2EE28CA0B8C0004CF40 /* Landmark.swift */ = {isa = PBXFileReference; lastKnownFileType = sourcecode.swift; path = Landmark.swift; sourceTree = "<group>"; };
		4054C2F028CA0C6E0004CF40 /* ModelData.swift */ = {isa = PBXFileReference; lastKnownFileType = sourcecode.swift; path = ModelData.swift; sourceTree = "<group>"; };
		4054C2F528CA0E150004CF40 /* LandmarkRow.swift */ = {isa = PBXFileReference; lastKnownFileType = sourcecode.swift; path = LandmarkRow.swift; sourceTree = "<group>"; };
		4054C2F728CA0F760004CF40 /* LandmarkList.swift */ = {isa = PBXFileReference; lastKnownFileType = sourcecode.swift; path = LandmarkList.swift; sourceTree = "<group>"; };
		4054C2F928CA10D30004CF40 /* LandmarkDetail.swift */ = {isa = PBXFileReference; lastKnownFileType = sourcecode.swift; path = LandmarkDetail.swift; sourceTree = "<group>"; };
		4054C2FB28CA27580004CF40 /* FavoriteButton.swift */ = {isa = PBXFileReference; lastKnownFileType = sourcecode.swift; path = FavoriteButton.swift; sourceTree = "<group>"; };
		4054C2FF28CA2E0C0004CF40 /* HexagonParameters.swift */ = {isa = PBXFileReference; lastKnownFileType = sourcecode.swift; path = HexagonParameters.swift; sourceTree = "<group>"; };
		4054C30128CA31760004CF40 /* BadgeBackground.swift */ = {isa = PBXFileReference; lastKnownFileType = sourcecode.swift; path = BadgeBackground.swift; sourceTree = "<group>"; };
		4054C30328CA37C50004CF40 /* BadgeSymbol.swift */ = {isa = PBXFileReference; lastKnownFileType = sourcecode.swift; path = BadgeSymbol.swift; sourceTree = "<group>"; };
		4054C30528CA3A990004CF40 /* RotatedBadgeSymbol.swift */ = {isa = PBXFileReference; lastKnownFileType = sourcecode.swift; path = RotatedBadgeSymbol.swift; sourceTree = "<group>"; };
		4054C30728CA3B570004CF40 /* Badge.swift */ = {isa = PBXFileReference; lastKnownFileType = sourcecode.swift; path = Badge.swift; sourceTree = "<group>"; };
		40A8CDEB28CB44D500629DD6 /* hikeData.json */ = {isa = PBXFileReference; fileEncoding = 4; lastKnownFileType = text.json; path = hikeData.json; sourceTree = "<group>"; };
		40A8CDED28CB457400629DD6 /* Hike.swift */ = {isa = PBXFileReference; lastKnownFileType = sourcecode.swift; path = Hike.swift; sourceTree = "<group>"; };
		40A8CDF028CB46DA00629DD6 /* GraphCapsule.swift */ = {isa = PBXFileReference; fileEncoding = 4; lastKnownFileType = sourcecode.swift; path = GraphCapsule.swift; sourceTree = "<group>"; };
		40A8CDF128CB46DA00629DD6 /* HikeGraph.swift */ = {isa = PBXFileReference; fileEncoding = 4; lastKnownFileType = sourcecode.swift; path = HikeGraph.swift; sourceTree = "<group>"; };
		40A8CDF228CB46DA00629DD6 /* HikeDetail.swift */ = {isa = PBXFileReference; fileEncoding = 4; lastKnownFileType = sourcecode.swift; path = HikeDetail.swift; sourceTree = "<group>"; };
		40A8CDF328CB46DA00629DD6 /* HikeView.swift */ = {isa = PBXFileReference; fileEncoding = 4; lastKnownFileType = sourcecode.swift; path = HikeView.swift; sourceTree = "<group>"; };
		40A8CDF928CB576900629DD6 /* CategoryHome.swift */ = {isa = PBXFileReference; lastKnownFileType = sourcecode.swift; path = CategoryHome.swift; sourceTree = "<group>"; };
		40A8CDFB28CB60FB00629DD6 /* CategoryRow.swift */ = {isa = PBXFileReference; lastKnownFileType = sourcecode.swift; path = CategoryRow.swift; sourceTree = "<group>"; };
		40A8CDFD28CB634900629DD6 /* CategoryItem.swift */ = {isa = PBXFileReference; lastKnownFileType = sourcecode.swift; path = CategoryItem.swift; sourceTree = "<group>"; };
		40A8CDFF28CB6F8200629DD6 /* Profile.swift */ = {isa = PBXFileReference; lastKnownFileType = sourcecode.swift; path = Profile.swift; sourceTree = "<group>"; };
		40A8CE0228CB706F00629DD6 /* ProfileHost.swift */ = {isa = PBXFileReference; lastKnownFileType = sourcecode.swift; path = ProfileHost.swift; sourceTree = "<group>"; };
		40A8CE0428CB70CC00629DD6 /* ProfileSummary.swift */ = {isa = PBXFileReference; lastKnownFileType = sourcecode.swift; path = ProfileSummary.swift; sourceTree = "<group>"; };
		40A8CE0628CB729B00629DD6 /* HikeBadge.swift */ = {isa = PBXFileReference; lastKnownFileType = sourcecode.swift; path = HikeBadge.swift; sourceTree = "<group>"; };
		40A8CE0828CB7BE100629DD6 /* ProfileEditor.swift */ = {isa = PBXFileReference; lastKnownFileType = sourcecode.swift; path = ProfileEditor.swift; sourceTree = "<group>"; };
		40A8CE0B28CB9FFD00629DD6 /* PageViewController.swift */ = {isa = PBXFileReference; lastKnownFileType = sourcecode.swift; path = PageViewController.swift; sourceTree = "<group>"; };
		40A8CE0D28CBA21D00629DD6 /* FeatureCard.swift */ = {isa = PBXFileReference; lastKnownFileType = sourcecode.swift; path = FeatureCard.swift; sourceTree = "<group>"; };
		40A8CE0F28CBA39100629DD6 /* PageView.swift */ = {isa = PBXFileReference; lastKnownFileType = sourcecode.swift; path = PageView.swift; sourceTree = "<group>"; };
		40A8CE1128CBAA9500629DD6 /* PageControl.swift */ = {isa = PBXFileReference; lastKnownFileType = sourcecode.swift; path = PageControl.swift; sourceTree = "<group>"; };
/* End PBXFileReference section */

/* Begin PBXFrameworksBuildPhase section */
		4054C2D228CA009E0004CF40 /* Frameworks */ = {
			isa = PBXFrameworksBuildPhase;
			buildActionMask = 2147483647;
			files = (
			);
			runOnlyForDeploymentPostprocessing = 0;
		};
/* End PBXFrameworksBuildPhase section */

/* Begin PBXGroup section */
		4054C2CC28CA009E0004CF40 = {
			isa = PBXGroup;
			children = (
				4054C2D728CA009E0004CF40 /* Landmarks */,
				4054C2D628CA009E0004CF40 /* Products */,
			);
			sourceTree = "<group>";
		};
		4054C2D628CA009E0004CF40 /* Products */ = {
			isa = PBXGroup;
			children = (
				4054C2D528CA009E0004CF40 /* Landmarks.app */,
			);
			name = Products;
			sourceTree = "<group>";
		};
		4054C2D728CA009E0004CF40 /* Landmarks */ = {
			isa = PBXGroup;
			children = (
				4054C2F428CA0DA20004CF40 /* Resources */,
				4054C2F328CA0D9D0004CF40 /* Model */,
				4054C2F228CA0D960004CF40 /* Views */,
				4054C2D828CA009E0004CF40 /* LandmarksApp.swift */,
				4054C2DC28CA00A10004CF40 /* Assets.xcassets */,
				4054C2DE28CA00A10004CF40 /* Preview Content */,
			);
			path = Landmarks;
			sourceTree = "<group>";
		};
		4054C2DE28CA00A10004CF40 /* Preview Content */ = {
			isa = PBXGroup;
			children = (
				4054C2DF28CA00A10004CF40 /* Preview Assets.xcassets */,
			);
			path = "Preview Content";
			sourceTree = "<group>";
		};
		4054C2F228CA0D960004CF40 /* Views */ = {
			isa = PBXGroup;
			children = (
				40A8CE0A28CB9FE300629DD6 /* PageView */,
				40A8CE0128CB705C00629DD6 /* Profiles */,
				40A8CDF828CB575000629DD6 /* Categories */,
				40A8CDEF28CB46DA00629DD6 /* Hikes */,
				4054C30928CA3CCF0004CF40 /* Badges */,
				4054C2FE28CA29E20004CF40 /* Helpers */,
				4054C2FD28CA29D20004CF40 /* Landmarks */,
				4054C2DA28CA009E0004CF40 /* ContentView.swift */,
			);
			path = Views;
			sourceTree = "<group>";
		};
		4054C2F328CA0D9D0004CF40 /* Model */ = {
			isa = PBXGroup;
			children = (
				40A8CDED28CB457400629DD6 /* Hike.swift */,
				4054C2EE28CA0B8C0004CF40 /* Landmark.swift */,
				4054C2F028CA0C6E0004CF40 /* ModelData.swift */,
				40A8CDFF28CB6F8200629DD6 /* Profile.swift */,
			);
			path = Model;
			sourceTree = "<group>";
		};
		4054C2F428CA0DA20004CF40 /* Resources */ = {
			isa = PBXGroup;
			children = (
				40A8CDEB28CB44D500629DD6 /* hikeData.json */,
				4054C2EA28CA09910004CF40 /* landmarkData.json */,
			);
			path = Resources;
			sourceTree = "<group>";
		};
		4054C2FD28CA29D20004CF40 /* Landmarks */ = {
			isa = PBXGroup;
			children = (
				4054C2F928CA10D30004CF40 /* LandmarkDetail.swift */,
				4054C2F728CA0F760004CF40 /* LandmarkList.swift */,
				4054C2F528CA0E150004CF40 /* LandmarkRow.swift */,
			);
			path = Landmarks;
			sourceTree = "<group>";
		};
		4054C2FE28CA29E20004CF40 /* Helpers */ = {
			isa = PBXGroup;
			children = (
				4054C2FB28CA27580004CF40 /* FavoriteButton.swift */,
				4054C2E828CA05460004CF40 /* MapView.swift */,
				4054C2E628CA04200004CF40 /* CircleImage.swift */,
			);
			path = Helpers;
			sourceTree = "<group>";
		};
		4054C30928CA3CCF0004CF40 /* Badges */ = {
			isa = PBXGroup;
			children = (
				4054C2FF28CA2E0C0004CF40 /* HexagonParameters.swift */,
				4054C30128CA31760004CF40 /* BadgeBackground.swift */,
				4054C30328CA37C50004CF40 /* BadgeSymbol.swift */,
				4054C30528CA3A990004CF40 /* RotatedBadgeSymbol.swift */,
				4054C30728CA3B570004CF40 /* Badge.swift */,
			);
			path = Badges;
			sourceTree = "<group>";
		};
		40A8CDEF28CB46DA00629DD6 /* Hikes */ = {
			isa = PBXGroup;
			children = (
				40A8CDF028CB46DA00629DD6 /* GraphCapsule.swift */,
				40A8CDF128CB46DA00629DD6 /* HikeGraph.swift */,
				40A8CDF228CB46DA00629DD6 /* HikeDetail.swift */,
				40A8CDF328CB46DA00629DD6 /* HikeView.swift */,
				40A8CE0628CB729B00629DD6 /* HikeBadge.swift */,
			);
			path = Hikes;
			sourceTree = "<group>";
		};
		40A8CDF828CB575000629DD6 /* Categories */ = {
			isa = PBXGroup;
			children = (
				40A8CDF928CB576900629DD6 /* CategoryHome.swift */,
				40A8CDFB28CB60FB00629DD6 /* CategoryRow.swift */,
				40A8CDFD28CB634900629DD6 /* CategoryItem.swift */,
			);
			path = Categories;
			sourceTree = "<group>";
		};
		40A8CE0128CB705C00629DD6 /* Profiles */ = {
			isa = PBXGroup;
			children = (
				40A8CE0228CB706F00629DD6 /* ProfileHost.swift */,
				40A8CE0428CB70CC00629DD6 /* ProfileSummary.swift */,
				40A8CE0828CB7BE100629DD6 /* ProfileEditor.swift */,
			);
			path = Profiles;
			sourceTree = "<group>";
		};
		40A8CE0A28CB9FE300629DD6 /* PageView */ = {
			isa = PBXGroup;
			children = (
				40A8CE0D28CBA21D00629DD6 /* FeatureCard.swift */,
				40A8CE0B28CB9FFD00629DD6 /* PageViewController.swift */,
				40A8CE0F28CBA39100629DD6 /* PageView.swift */,
				40A8CE1128CBAA9500629DD6 /* PageControl.swift */,
			);
			path = PageView;
			sourceTree = "<group>";
		};
/* End PBXGroup section */

/* Begin PBXNativeTarget section */
		4054C2D428CA009E0004CF40 /* Landmarks */ = {
			isa = PBXNativeTarget;
			buildConfigurationList = 4054C2E328CA00A10004CF40 /* Build configuration list for PBXNativeTarget "Landmarks" */;
			buildPhases = (
				4054C2D128CA009E0004CF40 /* Sources */,
				4054C2D228CA009E0004CF40 /* Frameworks */,
				4054C2D328CA009E0004CF40 /* Resources */,
			);
			buildRules = (
			);
			dependencies = (
			);
			name = Landmarks;
			productName = Landmarks;
			productReference = 4054C2D528CA009E0004CF40 /* Landmarks.app */;
			productType = "com.apple.product-type.application";
		};
/* End PBXNativeTarget section */

/* Begin PBXProject section */
		4054C2CD28CA009E0004CF40 /* Project object */ = {
			isa = PBXProject;
			attributes = {
				BuildIndependentTargetsInParallel = 1;
				LastSwiftUpdateCheck = 1340;
				LastUpgradeCheck = 1340;
				TargetAttributes = {
					4054C2D428CA009E0004CF40 = {
						CreatedOnToolsVersion = 13.4.1;
					};
				};
			};
			buildConfigurationList = 4054C2D028CA009E0004CF40 /* Build configuration list for PBXProject "Landmarks" */;
			compatibilityVersion = "Xcode 13.0";
			developmentRegion = en;
			hasScannedForEncodings = 0;
			knownRegions = (
				en,
				Base,
			);
			mainGroup = 4054C2CC28CA009E0004CF40;
			productRefGroup = 4054C2D628CA009E0004CF40 /* Products */;
			projectDirPath = "";
			projectRoot = "";
			targets = (
				4054C2D428CA009E0004CF40 /* Landmarks */,
			);
		};
/* End PBXProject section */

/* Begin PBXResourcesBuildPhase section */
		4054C2D328CA009E0004CF40 /* Resources */ = {
			isa = PBXResourcesBuildPhase;
			buildActionMask = 2147483647;
			files = (
				40A8CDEC28CB44D500629DD6 /* hikeData.json in Resources */,
				4054C2E028CA00A10004CF40 /* Preview Assets.xcassets in Resources */,
				4054C2DD28CA00A10004CF40 /* Assets.xcassets in Resources */,
				4054C2EB28CA09910004CF40 /* landmarkData.json in Resources */,
			);
			runOnlyForDeploymentPostprocessing = 0;
		};
/* End PBXResourcesBuildPhase section */

/* Begin PBXSourcesBuildPhase section */
		4054C2D128CA009E0004CF40 /* Sources */ = {
			isa = PBXSourcesBuildPhase;
			buildActionMask = 2147483647;
			files = (
				40A8CDFC28CB60FB00629DD6 /* CategoryRow.swift in Sources */,
				40A8CE0028CB6F8200629DD6 /* Profile.swift in Sources */,
				4054C2DB28CA009E0004CF40 /* ContentView.swift in Sources */,
				40A8CDFA28CB576900629DD6 /* CategoryHome.swift in Sources */,
				40A8CE0E28CBA21D00629DD6 /* FeatureCard.swift in Sources */,
				40A8CDF528CB46DA00629DD6 /* HikeGraph.swift in Sources */,
				4054C30828CA3B570004CF40 /* Badge.swift in Sources */,
				4054C2E928CA05460004CF40 /* MapView.swift in Sources */,
				40A8CDF428CB46DA00629DD6 /* GraphCapsule.swift in Sources */,
				4054C2D928CA009E0004CF40 /* LandmarksApp.swift in Sources */,
				40A8CE1228CBAA9500629DD6 /* PageControl.swift in Sources */,
				4054C2FC28CA27590004CF40 /* FavoriteButton.swift in Sources */,
				40A8CDFE28CB634900629DD6 /* CategoryItem.swift in Sources */,
				40A8CDF628CB46DA00629DD6 /* HikeDetail.swift in Sources */,
				40A8CE0528CB70CC00629DD6 /* ProfileSummary.swift in Sources */,
				4054C30028CA2E0C0004CF40 /* HexagonParameters.swift in Sources */,
				40A8CE0328CB706F00629DD6 /* ProfileHost.swift in Sources */,
				40A8CDEE28CB457400629DD6 /* Hike.swift in Sources */,
				4054C30628CA3A990004CF40 /* RotatedBadgeSymbol.swift in Sources */,
				40A8CE1028CBA39100629DD6 /* PageView.swift in Sources */,
				4054C30428CA37C50004CF40 /* BadgeSymbol.swift in Sources */,
				40A8CE0928CB7BE100629DD6 /* ProfileEditor.swift in Sources */,
				4054C2F828CA0F760004CF40 /* LandmarkList.swift in Sources */,
				40A8CDF728CB46DA00629DD6 /* HikeView.swift in Sources */,
				4054C2FA28CA10D30004CF40 /* LandmarkDetail.swift in Sources */,
				40A8CE0C28CB9FFD00629DD6 /* PageViewController.swift in Sources */,
				4054C30228CA31760004CF40 /* BadgeBackground.swift in Sources */,
				40A8CE0728CB729B00629DD6 /* HikeBadge.swift in Sources */,
				4054C2E728CA04200004CF40 /* CircleImage.swift in Sources */,
				4054C2EF28CA0B8C0004CF40 /* Landmark.swift in Sources */,
				4054C2F628CA0E150004CF40 /* LandmarkRow.swift in Sources */,
				4054C2F128CA0C6E0004CF40 /* ModelData.swift in Sources */,
			);
			runOnlyForDeploymentPostprocessing = 0;
		};
/* End PBXSourcesBuildPhase section */

/* Begin XCBuildConfiguration section */
		4054C2E128CA00A10004CF40 /* Debug */ = {
			isa = XCBuildConfiguration;
			buildSettings = {
				ALWAYS_SEARCH_USER_PATHS = NO;
				CLANG_ANALYZER_NONNULL = YES;
				CLANG_ANALYZER_NUMBER_OBJECT_CONVERSION = YES_AGGRESSIVE;
				CLANG_CXX_LANGUAGE_STANDARD = "gnu++17";
				CLANG_ENABLE_MODULES = YES;
				CLANG_ENABLE_OBJC_ARC = YES;
				CLANG_ENABLE_OBJC_WEAK = YES;
				CLANG_WARN_BLOCK_CAPTURE_AUTORELEASING = YES;
				CLANG_WARN_BOOL_CONVERSION = YES;
				CLANG_WARN_COMMA = YES;
				CLANG_WARN_CONSTANT_CONVERSION = YES;
				CLANG_WARN_DEPRECATED_OBJC_IMPLEMENTATIONS = YES;
				CLANG_WARN_DIRECT_OBJC_ISA_USAGE = YES_ERROR;
				CLANG_WARN_DOCUMENTATION_COMMENTS = YES;
				CLANG_WARN_EMPTY_BODY = YES;
				CLANG_WARN_ENUM_CONVERSION = YES;
				CLANG_WARN_INFINITE_RECURSION = YES;
				CLANG_WARN_INT_CONVERSION = YES;
				CLANG_WARN_NON_LITERAL_NULL_CONVERSION = YES;
				CLANG_WARN_OBJC_IMPLICIT_RETAIN_SELF = YES;
				CLANG_WARN_OBJC_LITERAL_CONVERSION = YES;
				CLANG_WARN_OBJC_ROOT_CLASS = YES_ERROR;
				CLANG_WARN_QUOTED_INCLUDE_IN_FRAMEWORK_HEADER = YES;
				CLANG_WARN_RANGE_LOOP_ANALYSIS = YES;
				CLANG_WARN_STRICT_PROTOTYPES = YES;
				CLANG_WARN_SUSPICIOUS_MOVE = YES;
				CLANG_WARN_UNGUARDED_AVAILABILITY = YES_AGGRESSIVE;
				CLANG_WARN_UNREACHABLE_CODE = YES;
				CLANG_WARN__DUPLICATE_METHOD_MATCH = YES;
				COPY_PHASE_STRIP = NO;
				DEBUG_INFORMATION_FORMAT = dwarf;
				ENABLE_STRICT_OBJC_MSGSEND = YES;
				ENABLE_TESTABILITY = YES;
				GCC_C_LANGUAGE_STANDARD = gnu11;
				GCC_DYNAMIC_NO_PIC = NO;
				GCC_NO_COMMON_BLOCKS = YES;
				GCC_OPTIMIZATION_LEVEL = 0;
				GCC_PREPROCESSOR_DEFINITIONS = (
					"DEBUG=1",
					"$(inherited)",
				);
				GCC_WARN_64_TO_32_BIT_CONVERSION = YES;
				GCC_WARN_ABOUT_RETURN_TYPE = YES_ERROR;
				GCC_WARN_UNDECLARED_SELECTOR = YES;
				GCC_WARN_UNINITIALIZED_AUTOS = YES_AGGRESSIVE;
				GCC_WARN_UNUSED_FUNCTION = YES;
				GCC_WARN_UNUSED_VARIABLE = YES;
				IPHONEOS_DEPLOYMENT_TARGET = 15.5;
				MTL_ENABLE_DEBUG_INFO = INCLUDE_SOURCE;
				MTL_FAST_MATH = YES;
				ONLY_ACTIVE_ARCH = YES;
				SDKROOT = iphoneos;
				SWIFT_ACTIVE_COMPILATION_CONDITIONS = DEBUG;
				SWIFT_OPTIMIZATION_LEVEL = "-Onone";
			};
			name = Debug;
		};
		4054C2E228CA00A10004CF40 /* Release */ = {
			isa = XCBuildConfiguration;
			buildSettings = {
				ALWAYS_SEARCH_USER_PATHS = NO;
				CLANG_ANALYZER_NONNULL = YES;
				CLANG_ANALYZER_NUMBER_OBJECT_CONVERSION = YES_AGGRESSIVE;
				CLANG_CXX_LANGUAGE_STANDARD = "gnu++17";
				CLANG_ENABLE_MODULES = YES;
				CLANG_ENABLE_OBJC_ARC = YES;
				CLANG_ENABLE_OBJC_WEAK = YES;
				CLANG_WARN_BLOCK_CAPTURE_AUTORELEASING = YES;
				CLANG_WARN_BOOL_CONVERSION = YES;
				CLANG_WARN_COMMA = YES;
				CLANG_WARN_CONSTANT_CONVERSION = YES;
				CLANG_WARN_DEPRECATED_OBJC_IMPLEMENTATIONS = YES;
				CLANG_WARN_DIRECT_OBJC_ISA_USAGE = YES_ERROR;
				CLANG_WARN_DOCUMENTATION_COMMENTS = YES;
				CLANG_WARN_EMPTY_BODY = YES;
				CLANG_WARN_ENUM_CONVERSION = YES;
				CLANG_WARN_INFINITE_RECURSION = YES;
				CLANG_WARN_INT_CONVERSION = YES;
				CLANG_WARN_NON_LITERAL_NULL_CONVERSION = YES;
				CLANG_WARN_OBJC_IMPLICIT_RETAIN_SELF = YES;
				CLANG_WARN_OBJC_LITERAL_CONVERSION = YES;
				CLANG_WARN_OBJC_ROOT_CLASS = YES_ERROR;
				CLANG_WARN_QUOTED_INCLUDE_IN_FRAMEWORK_HEADER = YES;
				CLANG_WARN_RANGE_LOOP_ANALYSIS = YES;
				CLANG_WARN_STRICT_PROTOTYPES = YES;
				CLANG_WARN_SUSPICIOUS_MOVE = YES;
				CLANG_WARN_UNGUARDED_AVAILABILITY = YES_AGGRESSIVE;
				CLANG_WARN_UNREACHABLE_CODE = YES;
				CLANG_WARN__DUPLICATE_METHOD_MATCH = YES;
				COPY_PHASE_STRIP = NO;
				DEBUG_INFORMATION_FORMAT = "dwarf-with-dsym";
				ENABLE_NS_ASSERTIONS = NO;
				ENABLE_STRICT_OBJC_MSGSEND = YES;
				GCC_C_LANGUAGE_STANDARD = gnu11;
				GCC_NO_COMMON_BLOCKS = YES;
				GCC_WARN_64_TO_32_BIT_CONVERSION = YES;
				GCC_WARN_ABOUT_RETURN_TYPE = YES_ERROR;
				GCC_WARN_UNDECLARED_SELECTOR = YES;
				GCC_WARN_UNINITIALIZED_AUTOS = YES_AGGRESSIVE;
				GCC_WARN_UNUSED_FUNCTION = YES;
				GCC_WARN_UNUSED_VARIABLE = YES;
				IPHONEOS_DEPLOYMENT_TARGET = 15.5;
				MTL_ENABLE_DEBUG_INFO = NO;
				MTL_FAST_MATH = YES;
				SDKROOT = iphoneos;
				SWIFT_COMPILATION_MODE = wholemodule;
				SWIFT_OPTIMIZATION_LEVEL = "-O";
				VALIDATE_PRODUCT = YES;
			};
			name = Release;
		};
		4054C2E428CA00A10004CF40 /* Debug */ = {
			isa = XCBuildConfiguration;
			buildSettings = {
				ASSETCATALOG_COMPILER_APPICON_NAME = AppIcon;
				ASSETCATALOG_COMPILER_GLOBAL_ACCENT_COLOR_NAME = AccentColor;
				CODE_SIGN_STYLE = Automatic;
				CURRENT_PROJECT_VERSION = 1;
				DEVELOPMENT_ASSET_PATHS = "\"Landmarks/Preview Content\"";
				DEVELOPMENT_TEAM = Y97YKW5885;
				ENABLE_PREVIEWS = YES;
				GENERATE_INFOPLIST_FILE = YES;
				INFOPLIST_KEY_UIApplicationSceneManifest_Generation = YES;
				INFOPLIST_KEY_UIApplicationSupportsIndirectInputEvents = YES;
				INFOPLIST_KEY_UILaunchScreen_Generation = YES;
				INFOPLIST_KEY_UISupportedInterfaceOrientations_iPad = "UIInterfaceOrientationPortrait UIInterfaceOrientationPortraitUpsideDown UIInterfaceOrientationLandscapeLeft UIInterfaceOrientationLandscapeRight";
				INFOPLIST_KEY_UISupportedInterfaceOrientations_iPhone = "UIInterfaceOrientationPortrait UIInterfaceOrientationLandscapeLeft UIInterfaceOrientationLandscapeRight";
				LD_RUNPATH_SEARCH_PATHS = (
					"$(inherited)",
					"@executable_path/Frameworks",
				);
				MARKETING_VERSION = 1.0;
				PRODUCT_BUNDLE_IDENTIFIER = SWIFT.Landmarks;
				PRODUCT_NAME = "$(TARGET_NAME)";
				SWIFT_EMIT_LOC_STRINGS = YES;
				SWIFT_VERSION = 5.0;
				TARGETED_DEVICE_FAMILY = "1,2";
			};
			name = Debug;
		};
		4054C2E528CA00A10004CF40 /* Release */ = {
			isa = XCBuildConfiguration;
			buildSettings = {
				ASSETCATALOG_COMPILER_APPICON_NAME = AppIcon;
				ASSETCATALOG_COMPILER_GLOBAL_ACCENT_COLOR_NAME = AccentColor;
				CODE_SIGN_STYLE = Automatic;
				CURRENT_PROJECT_VERSION = 1;
				DEVELOPMENT_ASSET_PATHS = "\"Landmarks/Preview Content\"";
				DEVELOPMENT_TEAM = Y97YKW5885;
				ENABLE_PREVIEWS = YES;
				GENERATE_INFOPLIST_FILE = YES;
				INFOPLIST_KEY_UIApplicationSceneManifest_Generation = YES;
				INFOPLIST_KEY_UIApplicationSupportsIndirectInputEvents = YES;
				INFOPLIST_KEY_UILaunchScreen_Generation = YES;
				INFOPLIST_KEY_UISupportedInterfaceOrientations_iPad = "UIInterfaceOrientationPortrait UIInterfaceOrientationPortraitUpsideDown UIInterfaceOrientationLandscapeLeft UIInterfaceOrientationLandscapeRight";
				INFOPLIST_KEY_UISupportedInterfaceOrientations_iPhone = "UIInterfaceOrientationPortrait UIInterfaceOrientationLandscapeLeft UIInterfaceOrientationLandscapeRight";
				LD_RUNPATH_SEARCH_PATHS = (
					"$(inherited)",
					"@executable_path/Frameworks",
				);
				MARKETING_VERSION = 1.0;
				PRODUCT_BUNDLE_IDENTIFIER = SWIFT.Landmarks;
				PRODUCT_NAME = "$(TARGET_NAME)";
				SWIFT_EMIT_LOC_STRINGS = YES;
				SWIFT_VERSION = 5.0;
				TARGETED_DEVICE_FAMILY = "1,2";
			};
			name = Release;
		};
/* End XCBuildConfiguration section */

/* Begin XCConfigurationList section */
		4054C2D028CA009E0004CF40 /* Build configuration list for PBXProject "Landmarks" */ = {
			isa = XCConfigurationList;
			buildConfigurations = (
				4054C2E128CA00A10004CF40 /* Debug */,
				4054C2E228CA00A10004CF40 /* Release */,
			);
			defaultConfigurationIsVisible = 0;
			defaultConfigurationName = Release;
		};
		4054C2E328CA00A10004CF40 /* Build configuration list for PBXNativeTarget "Landmarks" */ = {
			isa = XCConfigurationList;
			buildConfigurations = (
				4054C2E428CA00A10004CF40 /* Debug */,
				4054C2E528CA00A10004CF40 /* Release */,
			);
			defaultConfigurationIsVisible = 0;
			defaultConfigurationName = Release;
		};
/* End XCConfigurationList section */
	};
	rootObject = 4054C2CD28CA009E0004CF40 /* Project object */;
}
